
Microsoft Visual Studio Solution File, Format Version 12.00
# Visual Studio Version 17
VisualStudioVersion = 17.5.33424.131
MinimumVisualStudioVersion = 10.0.40219.1
Project("{9A19103F-16F7-4668-BE54-9A1E7A4F7556}") = "Store.Web", "Store.Web\Store.Web.csproj", "{7EC2F729-543B-4062-8DFA-DCA078E3BF38}"
EndProject
Project("{9A19103F-16F7-4668-BE54-9A1E7A4F7556}") = "Store.Data", "Store.Data\Store.Data.csproj", "{EBCDF8A1-3FA2-487D-9599-85708770B76E}"
EndProject
Project("{9A19103F-16F7-4668-BE54-9A1E7A4F7556}") = "Store.Commons", "Store.Commons\Store.Commons.csproj", "{83138BCB-BDEF-4029-92F4-B01EA30C57BE}"
EndProject
Project("{9A19103F-16F7-4668-BE54-9A1E7A4F7556}") = "Store.Services", "Store.Services\Store.Services.csproj", "{65812D4B-2BC2-4899-88C5-740A05DB6109}"
EndProject
Global
	GlobalSection(SolutionConfigurationPlatforms) = preSolution
		Debug|Any CPU = Debug|Any CPU
		Release|Any CPU = Release|Any CPU
	EndGlobalSection
	GlobalSection(ProjectConfigurationPlatforms) = postSolution
		{7EC2F729-543B-4062-8DFA-DCA078E3BF38}.Debug|Any CPU.ActiveCfg = Debug|Any CPU
		{7EC2F729-543B-4062-8DFA-DCA078E3BF38}.Debug|Any CPU.Build.0 = Debug|Any CPU
		{7EC2F729-543B-4062-8DFA-DCA078E3BF38}.Release|Any CPU.ActiveCfg = Release|Any CPU
		{7EC2F729-543B-4062-8DFA-DCA078E3BF38}.Release|Any CPU.Build.0 = Release|Any CPU
		{EBCDF8A1-3FA2-487D-9599-85708770B76E}.Debug|Any CPU.ActiveCfg = Debug|Any CPU
		{EBCDF8A1-3FA2-487D-9599-85708770B76E}.Debug|Any CPU.Build.0 = Debug|Any CPU
		{EBCDF8A1-3FA2-487D-9599-85708770B76E}.Release|Any CPU.ActiveCfg = Release|Any CPU
		{EBCDF8A1-3FA2-487D-9599-85708770B76E}.Release|Any CPU.Build.0 = Release|Any CPU
		{83138BCB-BDEF-4029-92F4-B01EA30C57BE}.Debug|Any CPU.ActiveCfg = Debug|Any CPU
		{83138BCB-BDEF-4029-92F4-B01EA30C57BE}.Debug|Any CPU.Build.0 = Debug|Any CPU
		{83138BCB-BDEF-4029-92F4-B01EA30C57BE}.Release|Any CPU.ActiveCfg = Release|Any CPU
		{83138BCB-BDEF-4029-92F4-B01EA30C57BE}.Release|Any CPU.Build.0 = Release|Any CPU
		{65812D4B-2BC2-4899-88C5-740A05DB6109}.Debug|Any CPU.ActiveCfg = Debug|Any CPU
		{65812D4B-2BC2-4899-88C5-740A05DB6109}.Debug|Any CPU.Build.0 = Debug|Any CPU
		{65812D4B-2BC2-4899-88C5-740A05DB6109}.Release|Any CPU.ActiveCfg = Release|Any CPU
		{65812D4B-2BC2-4899-88C5-740A05DB6109}.Release|Any CPU.Build.0 = Release|Any CPU
	EndGlobalSection
	GlobalSection(SolutionProperties) = preSolution
		HideSolutionNode = FALSE
	EndGlobalSection
	GlobalSection(ExtensibilityGlobals) = postSolution
		SolutionGuid = {AA714261-94D6-4774-8FA8-6A20FD4B3D2B}
	EndGlobalSection
EndGlobal
